<?xml version="1.0" encoding="utf-8"?>
<Project ToolsVersion="4.0" xmlns="http://schemas.microsoft.com/developer/msbuild/2003">
  <ItemGroup>
    <Filter Include="win32">
      <UniqueIdentifier>{84a8ebd7-7cf0-47f6-b75e-d441df67da40}</UniqueIdentifier>
    </Filter>
    <Filter Include="resource">
      <UniqueIdentifier>{715254bc-d70b-4ec5-bf29-467dd3ace079}</UniqueIdentifier>
    </Filter>
    <Filter Include="src">
      <UniqueIdentifier>{bb6c862e-70e9-49d9-81b7-3829a6f50471}</UniqueIdentifier>
    </Filter>
    <Filter Include="src\classes">
      <UniqueIdentifier>{cfd41a22-0275-4e2b-a2b4-94fbf61acb64}</UniqueIdentifier>
    </Filter>
  </ItemGroup>
  <ItemGroup>
    <ClCompile Include="main.cpp">
      <Filter>win32</Filter>
    </ClCompile>
    <ClCompile Include="..\Classes\AppDelegate.cpp">
      <Filter>src</Filter>
    </ClCompile>
    <ClCompile Include="..\Classes\Object\BulletObject.cpp">
      <Filter>src\classes</Filter>
    </ClCompile>
    <ClCompile Include="..\Classes\Manager\EnemyGenerator.cpp">
      <Filter>src\classes</Filter>
    </ClCompile>
    <ClCompile Include="..\Classes\Object\EnemyObject.cpp">
      <Filter>src\classes</Filter>
    </ClCompile>
    <ClCompile Include="..\Classes\Manager\GameData.cpp">
      <Filter>src\classes</Filter>
    </ClCompile>
    <ClCompile Include="..\Classes\Manager\GameLevelPlanner.cpp">
      <Filter>src\classes</Filter>
    </ClCompile>
    <ClCompile Include="..\Classes\Manager\GameMediator.cpp">
      <Filter>src\classes</Filter>
    </ClCompile>
    <ClCompile Include="..\Classes\Scene\GameOverScene.cpp">
      <Filter>src\classes</Filter>
    </ClCompile>
    <ClCompile Include="..\Classes\Scene\GameScene.cpp">
      <Filter>src\classes</Filter>
    </ClCompile>
    <ClCompile Include="..\Classes\Scene\GroupLogoScene.cpp">
      <Filter>src\classes</Filter>
    </ClCompile>
    <ClCompile Include="..\Classes\Object\HitObject.cpp">
      <Filter>src\classes</Filter>
    </ClCompile>
    <ClCompile Include="..\Classes\Object\PlayerObject.cpp">
      <Filter>src\classes</Filter>
    </ClCompile>
    <ClCompile Include="..\Classes\Scene\PowerUpScene.cpp">
      <Filter>src\classes</Filter>
    </ClCompile>
    <ClCompile Include="..\Classes\PuzzleBoardControllLayer.cpp">
      <Filter>src\classes</Filter>
    </ClCompile>
    <ClCompile Include="..\Classes\Scene\RankingScene.cpp">
      <Filter>src\classes</Filter>
    </ClCompile>
    <ClCompile Include="..\Classes\RollBackgroundLayer.cpp">
      <Filter>src\classes</Filter>
    </ClCompile>
    <ClCompile Include="..\Classes\puzzle\SquarePanelLayer.cpp">
      <Filter>src\classes</Filter>
    </ClCompile>
    <ClCompile Include="..\Classes\Scene\TitleScene.cpp">
      <Filter>src\classes</Filter>
    </ClCompile>
    <ClCompile Include="..\Classes\BattleScreenLayer.cpp">
      <Filter>src\classes</Filter>
    </ClCompile>
  </ItemGroup>
  <ItemGroup>
    <ClInclude Include="main.h">
      <Filter>win32</Filter>
    </ClInclude>
    <ClInclude Include="..\Classes\AppDelegate.h">
      <Filter>src</Filter>
    </ClInclude>
    <ClInclude Include="..\Classes\Object\BulletObject.h">
      <Filter>src\classes</Filter>
    </ClInclude>
    <ClInclude Include="..\Classes\Manager\EnemyGenerator.h">
      <Filter>src\classes</Filter>
    </ClInclude>
    <ClInclude Include="..\Classes\Object\EnemyObject.h">
      <Filter>src\classes</Filter>
    </ClInclude>
    <ClInclude Include="..\Classes\Manager\GameData.h">
      <Filter>src\classes</Filter>
    </ClInclude>
    <ClInclude Include="..\Classes\Manager\GameLevelPlanner.h">
      <Filter>src\classes</Filter>
    </ClInclude>
    <ClInclude Include="..\Classes\Manager\GameMediator.h">
      <Filter>src\classes</Filter>
    </ClInclude>
    <ClInclude Include="..\Classes\Scene\GameOverScene.h">
      <Filter>src\classes</Filter>
    </ClInclude>
    <ClInclude Include="..\Classes\Scene\GameScene.h">
      <Filter>src\classes</Filter>
    </ClInclude>
    <ClInclude Include="..\Classes\Scene\GroupLogoScene.h">
      <Filter>src\classes</Filter>
    </ClInclude>
    <ClInclude Include="..\Classes\Object\HitObject.h">
      <Filter>src\classes</Filter>
    </ClInclude>
    <ClInclude Include="..\Classes\Object\PlayerObject.h">
      <Filter>src\classes</Filter>
    </ClInclude>
    <ClInclude Include="..\Classes\Scene\PowerUpScene.h">
      <Filter>src\classes</Filter>
    </ClInclude>
    <ClInclude Include="..\Classes\PuzzleBoardControllLayer.h">
      <Filter>src\classes</Filter>
    </ClInclude>
    <ClInclude Include="..\Classes\Scene\RankingScene.h">
      <Filter>src\classes</Filter>
    </ClInclude>
    <ClInclude Include="..\Classes\RollBackgroundLayer.h">
      <Filter>src\classes</Filter>
    </ClInclude>
    <ClInclude Include="..\Classes\puzzle\SquarePanelLayer.h">
      <Filter>src\classes</Filter>
    </ClInclude>
    <ClInclude Include="..\Classes\Scene\TitleScene.h">
      <Filter>src\classes</Filter>
    </ClInclude>
    <ClInclude Include="..\Classes\BattleScreenLayer.h">
      <Filter>src\classes</Filter>
    </ClInclude>
  </ItemGroup>
  <ItemGroup>
    <ResourceCompile Include="game.rc">
      <Filter>resource</Filter>
    </ResourceCompile>
  </ItemGroup>
</Project>